
Microsoft Visual Studio Solution File, Format Version 12.00
# Visual Studio Version 16
VisualStudioVersion = 16.0.31112.23
MinimumVisualStudioVersion = 10.0.40219.1
Project("{FAE04EC0-301F-11D3-BF4B-00C04F79EFBC}") = "SendMailWithSendGrid", "SendMailWithSendGrid\SendMailWithSendGrid.csproj", "{94D74A05-F64E-41DC-9650-E09399A2C315}"
EndProject
Global
	GlobalSection(SolutionConfigurationPlatforms) = preSolution
		Debug|Any CPU = Debug|Any CPU
		Release|Any CPU = Release|Any CPU
	EndGlobalSection
	GlobalSection(ProjectConfigurationPlatforms) = postSolution
		{94D74A05-F64E-41DC-9650-E09399A2C315}.Debug|Any CPU.ActiveCfg = Debug|Any CPU
		{94D74A05-F64E-41DC-9650-E09399A2C315}.Debug|Any CPU.Build.0 = Debug|Any CPU
		{94D74A05-F64E-41DC-9650-E09399A2C315}.Release|Any CPU.ActiveCfg = Release|Any CPU
		{94D74A05-F64E-41DC-9650-E09399A2C315}.Release|Any CPU.Build.0 = Release|Any CPU
	EndGlobalSection
	GlobalSection(SolutionProperties) = preSolution
		HideSolutionNode = FALSE
	EndGlobalSection
	GlobalSection(ExtensibilityGlobals) = postSolution
		SolutionGuid = {FF058A80-7F95-4D9F-B93A-61BD4323FED7}
	EndGlobalSection
EndGlobal
